
Microsoft Visual Studio Solution File, Format Version 12.00
# Visual Studio Version 17
VisualStudioVersion = 17.7.34024.191
MinimumVisualStudioVersion = 10.0.40219.1
Project("{FAE04EC0-301F-11D3-BF4B-00C04F79EFBC}") = "ManageCategoriesApp", "ManageCategoriesApp\ManageCategoriesApp.csproj", "{676103CE-6C10-4A7C-BA57-22EA5C02B4B9}"
EndProject
Global
	GlobalSection(SolutionConfigurationPlatforms) = preSolution
		Debug|Any CPU = Debug|Any CPU
		Release|Any CPU = Release|Any CPU
	EndGlobalSection
	GlobalSection(ProjectConfigurationPlatforms) = postSolution
		{676103CE-6C10-4A7C-BA57-22EA5C02B4B9}.Debug|Any CPU.ActiveCfg = Debug|Any CPU
		{676103CE-6C10-4A7C-BA57-22EA5C02B4B9}.Debug|Any CPU.Build.0 = Debug|Any CPU
		{676103CE-6C10-4A7C-BA57-22EA5C02B4B9}.Release|Any CPU.ActiveCfg = Release|Any CPU
		{676103CE-6C10-4A7C-BA57-22EA5C02B4B9}.Release|Any CPU.Build.0 = Release|Any CPU
	EndGlobalSection
	GlobalSection(SolutionProperties) = preSolution
		HideSolutionNode = FALSE
	EndGlobalSection
	GlobalSection(ExtensibilityGlobals) = postSolution
		SolutionGuid = {1A95E34A-EE91-422B-8B27-9C8D10A4B767}
	EndGlobalSection
EndGlobal
